
Microsoft Visual Studio Solution File, Format Version 12.00
# Visual Studio Version 16
VisualStudioVersion = 16.0.30804.86
MinimumVisualStudioVersion = 10.0.40219.1
Project("{FAE04EC0-301F-11D3-BF4B-00C04F79EFBC}") = "ReCap.ConsoleUI", "ReCap.Console\ReCap.ConsoleUI.csproj", "{69BFAE6E-3609-4142-AA0A-13066F3ACC1B}"
EndProject
Project("{FAE04EC0-301F-11D3-BF4B-00C04F79EFBC}") = "ReCap.Entities", "ReCap.Entities\ReCap.Entities.csproj", "{A0AECF87-EE64-4BF8-A973-504802ABCC74}"
EndProject
Project("{FAE04EC0-301F-11D3-BF4B-00C04F79EFBC}") = "ReCap.DataAccess", "ReCap.DataAccess\ReCap.DataAccess.csproj", "{FDB31584-30D5-4BBF-9BD8-A0C31F4DE1A4}"
EndProject
Project("{FAE04EC0-301F-11D3-BF4B-00C04F79EFBC}") = "ReCap.Business", "ReCap.Business\ReCap.Business.csproj", "{8BF8E5DC-481D-4983-8398-C16D7E5F04A9}"
EndProject
Global
	GlobalSection(SolutionConfigurationPlatforms) = preSolution
		Debug|Any CPU = Debug|Any CPU
		Release|Any CPU = Release|Any CPU
	EndGlobalSection
	GlobalSection(ProjectConfigurationPlatforms) = postSolution
		{69BFAE6E-3609-4142-AA0A-13066F3ACC1B}.Debug|Any CPU.ActiveCfg = Debug|Any CPU
		{69BFAE6E-3609-4142-AA0A-13066F3ACC1B}.Debug|Any CPU.Build.0 = Debug|Any CPU
		{69BFAE6E-3609-4142-AA0A-13066F3ACC1B}.Release|Any CPU.ActiveCfg = Release|Any CPU
		{69BFAE6E-3609-4142-AA0A-13066F3ACC1B}.Release|Any CPU.Build.0 = Release|Any CPU
		{A0AECF87-EE64-4BF8-A973-504802ABCC74}.Debug|Any CPU.ActiveCfg = Debug|Any CPU
		{A0AECF87-EE64-4BF8-A973-504802ABCC74}.Debug|Any CPU.Build.0 = Debug|Any CPU
		{A0AECF87-EE64-4BF8-A973-504802ABCC74}.Release|Any CPU.ActiveCfg = Release|Any CPU
		{A0AECF87-EE64-4BF8-A973-504802ABCC74}.Release|Any CPU.Build.0 = Release|Any CPU
		{FDB31584-30D5-4BBF-9BD8-A0C31F4DE1A4}.Debug|Any CPU.ActiveCfg = Debug|Any CPU
		{FDB31584-30D5-4BBF-9BD8-A0C31F4DE1A4}.Debug|Any CPU.Build.0 = Debug|Any CPU
		{FDB31584-30D5-4BBF-9BD8-A0C31F4DE1A4}.Release|Any CPU.ActiveCfg = Release|Any CPU
		{FDB31584-30D5-4BBF-9BD8-A0C31F4DE1A4}.Release|Any CPU.Build.0 = Release|Any CPU
		{8BF8E5DC-481D-4983-8398-C16D7E5F04A9}.Debug|Any CPU.ActiveCfg = Debug|Any CPU
		{8BF8E5DC-481D-4983-8398-C16D7E5F04A9}.Debug|Any CPU.Build.0 = Debug|Any CPU
		{8BF8E5DC-481D-4983-8398-C16D7E5F04A9}.Release|Any CPU.ActiveCfg = Release|Any CPU
		{8BF8E5DC-481D-4983-8398-C16D7E5F04A9}.Release|Any CPU.Build.0 = Release|Any CPU
	EndGlobalSection
	GlobalSection(SolutionProperties) = preSolution
		HideSolutionNode = FALSE
	EndGlobalSection
	GlobalSection(ExtensibilityGlobals) = postSolution
		SolutionGuid = {610C75DD-F4B4-41DA-A584-1073390307E3}
	EndGlobalSection
EndGlobal
